// !$*UTF8*$!
{
	archiveVersion = 1;
	classes = {
	};
	objectVersion = 77;
	objects = {

/* Begin PBXBuildFile section */
		B9691ED12F57CDE100D4646D /* LinkKit in Frameworks */ = {isa = PBXBuildFile; productRef = B9691ED02F57CDE100D4646D /* LinkKit */; };
		B9691ED42F57CF4B00D4646D /* Auth in Frameworks */ = {isa = PBXBuildFile; productRef = B9691ED32F57CF4B00D4646D /* Auth */; };
		B9691ED62F57CF4B00D4646D /* Supabase in Frameworks */ = {isa = PBXBuildFile; productRef = B9691ED52F57CF4B00D4646D /* Supabase */; };
/* End PBXBuildFile section */

/* Begin PBXContainerItemProxy section */
		B9B382BB2F50DAFC00261F27 /* PBXContainerItemProxy */ = {
			isa = PBXContainerItemProxy;
			containerPortal = B9B382A32F50DAFA00261F27 /* Project object */;
			proxyType = 1;
			remoteGlobalIDString = B9B382AA2F50DAFA00261F27;
			remoteInfo = Flume;
		};
		B9B382C52F50DAFC00261F27 /* PBXContainerItemProxy */ = {
			isa = PBXContainerItemProxy;
			containerPortal = B9B382A32F50DAFA00261F27 /* Project object */;
			proxyType = 1;
			remoteGlobalIDString = B9B382AA2F50DAFA00261F27;
			remoteInfo = Flume;
		};
/* End PBXContainerItemProxy section */

/* Begin PBXFileReference section */
		B9691E9F2F57CBD300D4646D /* Debug.xcconfig */ = {isa = PBXFileReference; lastKnownFileType = text.xcconfig; path = Debug.xcconfig; sourceTree = "<group>"; };
		B9691EA02F57CBD300D4646D /* Release.xcconfig */ = {isa = PBXFileReference; lastKnownFileType = text.xcconfig; path = Release.xcconfig; sourceTree = "<group>"; };
		B9B382AB2F50DAFA00261F27 /* Flume.app */ = {isa = PBXFileReference; explicitFileType = wrapper.application; includeInIndex = 0; path = Flume.app; sourceTree = BUILT_PRODUCTS_DIR; };
		B9B382BA2F50DAFC00261F27 /* FlumeTests.xctest */ = {isa = PBXFileReference; explicitFileType = wrapper.cfbundle; includeInIndex = 0; path = FlumeTests.xctest; sourceTree = BUILT_PRODUCTS_DIR; };
		B9B382C42F50DAFC00261F27 /* FlumeUITests.xctest */ = {isa = PBXFileReference; explicitFileType = wrapper.cfbundle; includeInIndex = 0; path = FlumeUITests.xctest; sourceTree = BUILT_PRODUCTS_DIR; };
/* End PBXFileReference section */

/* Begin PBXFileSystemSynchronizedRootGroup section */
		B9B382AD2F50DAFA00261F27 /* Flume */ = {
			isa = PBXFileSystemSynchronizedRootGroup;
			path = Flume;
			sourceTree = "<group>";
		};
		B9B382BD2F50DAFC00261F27 /* FlumeTests */ = {
			isa = PBXFileSystemSynchronizedRootGroup;
			path = FlumeTests;
			sourceTree = "<group>";
		};
		B9B382C72F50DAFC00261F27 /* FlumeUITests */ = {
			isa = PBXFileSystemSynchronizedRootGroup;
			path = FlumeUITests;
			sourceTree = "<group>";
		};
/* End PBXFileSystemSynchronizedRootGroup section */

/* Begin PBXFrameworksBuildPhase section */
		B9B382A82F50DAFA00261F27 /* Frameworks */ = {
			isa = PBXFrameworksBuildPhase;
			buildActionMask = 2147483647;
			files = (
				B9691ED42F57CF4B00D4646D /* Auth in Frameworks */,
				B9691ED12F57CDE100D4646D /* LinkKit in Frameworks */,
				B9691ED62F57CF4B00D4646D /* Supabase in Frameworks */,
			);
			runOnlyForDeploymentPostprocessing = 0;
		};
		B9B382B72F50DAFC00261F27 /* Frameworks */ = {
			isa = PBXFrameworksBuildPhase;
			buildActionMask = 2147483647;
			files = (
			);
			runOnlyForDeploymentPostprocessing = 0;
		};
		B9B382C12F50DAFC00261F27 /* Frameworks */ = {
			isa = PBXFrameworksBuildPhase;
			buildActionMask = 2147483647;
			files = (
			);
			runOnlyForDeploymentPostprocessing = 0;
		};
/* End PBXFrameworksBuildPhase section */

/* Begin PBXGroup section */
		B9691E9E2F57CBCE00D4646D /* Config */ = {
			isa = PBXGroup;
			children = (
				B9691E9F2F57CBD300D4646D /* Debug.xcconfig */,
				B9691EA02F57CBD300D4646D /* Release.xcconfig */,
			);
			path = Config;
			sourceTree = "<group>";
		};
		B9B382A22F50DAFA00261F27 = {
			isa = PBXGroup;
			children = (
				B9B382AD2F50DAFA00261F27 /* Flume */,
				B9B382BD2F50DAFC00261F27 /* FlumeTests */,
				B9B382C72F50DAFC00261F27 /* FlumeUITests */,
				B9B382AC2F50DAFA00261F27 /* Products */,
				B9691E9E2F57CBCE00D4646D /* Config */,
			);
			sourceTree = "<group>";
		};
		B9B382AC2F50DAFA00261F27 /* Products */ = {
			isa = PBXGroup;
			children = (
				B9B382AB2F50DAFA00261F27 /* Flume.app */,
				B9B382BA2F50DAFC00261F27 /* FlumeTests.xctest */,
				B9B382C42F50DAFC00261F27 /* FlumeUITests.xctest */,
			);
			name = Products;
			sourceTree = "<group>";
		};
/* End PBXGroup section */

/* Begin PBXNativeTarget section */
		B9B382AA2F50DAFA00261F27 /* Flume */ = {
			isa = PBXNativeTarget;
			buildConfigurationList = B9B382CE2F50DAFC00261F27 /* Build configuration list for PBXNativeTarget "Flume" */;
			buildPhases = (
				B9B382A72F50DAFA00261F27 /* Sources */,
				B9B382A82F50DAFA00261F27 /* Frameworks */,
				B9B382A92F50DAFA00261F27 /* Resources */,
			);
			buildRules = (
			);
			dependencies = (
			);
			fileSystemSynchronizedGroups = (
				B9B382AD2F50DAFA00261F27 /* Flume */,
			);
			name = Flume;
			packageProductDependencies = (
				B9691ED02F57CDE100D4646D /* LinkKit */,
				B9691ED32F57CF4B00D4646D /* Auth */,
				B9691ED52F57CF4B00D4646D /* Supabase */,
			);
			productName = Flume;
			productReference = B9B382AB2F50DAFA00261F27 /* Flume.app */;
			productType = "com.apple.product-type.application";
		};
		B9B382B92F50DAFC00261F27 /* FlumeTests */ = {
			isa = PBXNativeTarget;
			buildConfigurationList = B9B382D12F50DAFC00261F27 /* Build configuration list for PBXNativeTarget "FlumeTests" */;
			buildPhases = (
				B9B382B62F50DAFC00261F27 /* Sources */,
				B9B382B72F50DAFC00261F27 /* Frameworks */,
				B9B382B82F50DAFC00261F27 /* Resources */,
			);
			buildRules = (
			);
			dependencies = (
				B9B382BC2F50DAFC00261F27 /* PBXTargetDependency */,
			);
			fileSystemSynchronizedGroups = (
				B9B382BD2F50DAFC00261F27 /* FlumeTests */,
			);
			name = FlumeTests;
			packageProductDependencies = (
			);
			productName = FlumeTests;
			productReference = B9B382BA2F50DAFC00261F27 /* FlumeTests.xctest */;
			productType = "com.apple.product-type.bundle.unit-test";
		};
		B9B382C32F50DAFC00261F27 /* FlumeUITests */ = {
			isa = PBXNativeTarget;
			buildConfigurationList = B9B382D42F50DAFC00261F27 /* Build configuration list for PBXNativeTarget "FlumeUITests" */;
			buildPhases = (
				B9B382C02F50DAFC00261F27 /* Sources */,
				B9B382C12F50DAFC00261F27 /* Frameworks */,
				B9B382C22F50DAFC00261F27 /* Resources */,
			);
			buildRules = (
			);
			dependencies = (
				B9B382C62F50DAFC00261F27 /* PBXTargetDependency */,
			);
			fileSystemSynchronizedGroups = (
				B9B382C72F50DAFC00261F27 /* FlumeUITests */,
			);
			name = FlumeUITests;
			packageProductDependencies = (
			);
			productName = FlumeUITests;
			productReference = B9B382C42F50DAFC00261F27 /* FlumeUITests.xctest */;
			productType = "com.apple.product-type.bundle.ui-testing";
		};
/* End PBXNativeTarget section */

/* Begin PBXProject section */
		B9B382A32F50DAFA00261F27 /* Project object */ = {
			isa = PBXProject;
			attributes = {
				BuildIndependentTargetsInParallel = 1;
				LastSwiftUpdateCheck = 2620;
				LastUpgradeCheck = 2620;
				TargetAttributes = {
					B9B382AA2F50DAFA00261F27 = {
						CreatedOnToolsVersion = 26.2;
					};
					B9B382B92F50DAFC00261F27 = {
						CreatedOnToolsVersion = 26.2;
						TestTargetID = B9B382AA2F50DAFA00261F27;
					};
					B9B382C32F50DAFC00261F27 = {
						CreatedOnToolsVersion = 26.2;
						TestTargetID = B9B382AA2F50DAFA00261F27;
					};
				};
			};
			buildConfigurationList = B9B382A62F50DAFA00261F27 /* Build configuration list for PBXProject "Flume" */;
			developmentRegion = en;
			hasScannedForEncodings = 0;
			knownRegions = (
				en,
				Base,
			);
			mainGroup = B9B382A22F50DAFA00261F27;
			minimizedProjectReferenceProxies = 1;
			packageReferences = (
				B9691ECF2F57CDE100D4646D /* XCRemoteSwiftPackageReference "plaid-link-ios-spm" */,
				B9691ED22F57CF4B00D4646D /* XCRemoteSwiftPackageReference "supabase-swift" */,
			);
			preferredProjectObjectVersion = 77;
			productRefGroup = B9B382AC2F50DAFA00261F27 /* Products */;
			projectDirPath = "";
			projectRoot = "";
			targets = (
				B9B382AA2F50DAFA00261F27 /* Flume */,
				B9B382B92F50DAFC00261F27 /* FlumeTests */,
				B9B382C32F50DAFC00261F27 /* FlumeUITests */,
			);
		};
/* End PBXProject section */

/* Begin PBXResourcesBuildPhase section */
		B9B382A92F50DAFA00261F27 /* Resources */ = {
			isa = PBXResourcesBuildPhase;
			buildActionMask = 2147483647;
			files = (
			);
			runOnlyForDeploymentPostprocessing = 0;
		};
		B9B382B82F50DAFC00261F27 /* Resources */ = {
			isa = PBXResourcesBuildPhase;
			buildActionMask = 2147483647;
			files = (
			);
			runOnlyForDeploymentPostprocessing = 0;
		};
		B9B382C22F50DAFC00261F27 /* Resources */ = {
			isa = PBXResourcesBuildPhase;
			buildActionMask = 2147483647;
			files = (
			);
			runOnlyForDeploymentPostprocessing = 0;
		};
/* End PBXResourcesBuildPhase section */

/* Begin PBXSourcesBuildPhase section */
		B9B382A72F50DAFA00261F27 /* Sources */ = {
			isa = PBXSourcesBuildPhase;
			buildActionMask = 2147483647;
			files = (
			);
			runOnlyForDeploymentPostprocessing = 0;
		};
		B9B382B62F50DAFC00261F27 /* Sources */ = {
			isa = PBXSourcesBuildPhase;
			buildActionMask = 2147483647;
			files = (
			);
			runOnlyForDeploymentPostprocessing = 0;
		};
		B9B382C02F50DAFC00261F27 /* Sources */ = {
			isa = PBXSourcesBuildPhase;
			buildActionMask = 2147483647;
			files = (
			);
			runOnlyForDeploymentPostprocessing = 0;
		};
/* End PBXSourcesBuildPhase section */

/* Begin PBXTargetDependency section */
		B9B382BC2F50DAFC00261F27 /* PBXTargetDependency */ = {
			isa = PBXTargetDependency;
			target = B9B382AA2F50DAFA00261F27 /* Flume */;
			targetProxy = B9B382BB2F50DAFC00261F27 /* PBXContainerItemProxy */;
		};
		B9B382C62F50DAFC00261F27 /* PBXTargetDependency */ = {
			isa = PBXTargetDependency;
			target = B9B382AA2F50DAFA00261F27 /* Flume */;
			targetProxy = B9B382C52F50DAFC00261F27 /* PBXContainerItemProxy */;
		};
/* End PBXTargetDependency section */

/* Begin XCBuildConfiguration section */
		B9B382CC2F50DAFC00261F27 /* Debug */ = {
			isa = XCBuildConfiguration;
			baseConfigurationReference = B9691E9F2F57CBD300D4646D /* Debug.xcconfig */;
			buildSettings = {
				ALWAYS_SEARCH_USER_PATHS = NO;
				ASSETCATALOG_COMPILER_GENERATE_SWIFT_ASSET_SYMBOL_EXTENSIONS = YES;
				CLANG_ANALYZER_NONNULL = YES;
				CLANG_ANALYZER_NUMBER_OBJECT_CONVERSION = YES_AGGRESSIVE;
				CLANG_CXX_LANGUAGE_STANDARD = "gnu++20";
				CLANG_ENABLE_MODULES = YES;
				CLANG_ENABLE_OBJC_ARC = YES;
				CLANG_ENABLE_OBJC_WEAK = YES;
				CLANG_WARN_BLOCK_CAPTURE_AUTORELEASING = YES;
				CLANG_WARN_BOOL_CONVERSION = YES;
				CLANG_WARN_COMMA = YES;
				CLANG_WARN_CONSTANT_CONVERSION = YES;
				CLANG_WARN_DEPRECATED_OBJC_IMPLEMENTATIONS = YES;
				CLANG_WARN_DIRECT_OBJC_ISA_USAGE = YES_ERROR;
				CLANG_WARN_DOCUMENTATION_COMMENTS = YES;
				CLANG_WARN_EMPTY_BODY = YES;
				CLANG_WARN_ENUM_CONVERSION = YES;
				CLANG_WARN_INFINITE_RECURSION = YES;
				CLANG_WARN_INT_CONVERSION = YES;
				CLANG_WARN_NON_LITERAL_NULL_CONVERSION = YES;
				CLANG_WARN_OBJC_IMPLICIT_RETAIN_SELF = YES;
				CLANG_WARN_OBJC_LITERAL_CONVERSION = YES;
				CLANG_WARN_OBJC_ROOT_CLASS = YES_ERROR;
				CLANG_WARN_QUOTED_INCLUDE_IN_FRAMEWORK_HEADER = YES;
				CLANG_WARN_RANGE_LOOP_ANALYSIS = YES;
				CLANG_WARN_STRICT_PROTOTYPES = YES;
				CLANG_WARN_SUSPICIOUS_MOVE = YES;
				CLANG_WARN_UNGUARDED_AVAILABILITY = YES_AGGRESSIVE;
				CLANG_WARN_UNREACHABLE_CODE = YES;
				CLANG_WARN__DUPLICATE_METHOD_MATCH = YES;
				COPY_PHASE_STRIP = NO;
				DEBUG_INFORMATION_FORMAT = dwarf;
				DEVELOPMENT_TEAM = 8GK36YBUNZ;
				ENABLE_STRICT_OBJC_MSGSEND = YES;
				ENABLE_TESTABILITY = YES;
				ENABLE_USER_SCRIPT_SANDBOXING = YES;
				GCC_C_LANGUAGE_STANDARD = gnu17;
				GCC_DYNAMIC_NO_PIC = NO;
				GCC_NO_COMMON_BLOCKS = YES;
				GCC_OPTIMIZATION_LEVEL = 0;
				GCC_PREPROCESSOR_DEFINITIONS = (
					"DEBUG=1",
					"$(inherited)",
				);
				GCC_WARN_64_TO_32_BIT_CONVERSION = YES;
				GCC_WARN_ABOUT_RETURN_TYPE = YES_ERROR;
				GCC_WARN_UNDECLARED_SELECTOR = YES;
				GCC_WARN_UNINITIALIZED_AUTOS = YES_AGGRESSIVE;
				GCC_WARN_UNUSED_FUNCTION = YES;
				GCC_WARN_UNUSED_VARIABLE = YES;
				LOCALIZATION_PREFERS_STRING_CATALOGS = YES;
				MTL_ENABLE_DEBUG_INFO = INCLUDE_SOURCE;
				MTL_FAST_MATH = YES;
				ONLY_ACTIVE_ARCH = YES;
				SWIFT_ACTIVE_COMPILATION_CONDITIONS = "DEBUG $(inherited)";
				SWIFT_OPTIMIZATION_LEVEL = "-Onone";
			};
			name = Debug;
		};
		B9B382CD2F50DAFC00261F27 /* Release */ = {
			isa = XCBuildConfiguration;
			baseConfigurationReference = B9691EA02F57CBD300D4646D /* Release.xcconfig */;
			buildSettings = {
				ALWAYS_SEARCH_USER_PATHS = NO;
				ASSETCATALOG_COMPILER_GENERATE_SWIFT_ASSET_SYMBOL_EXTENSIONS = YES;
				CLANG_ANALYZER_NONNULL = YES;
				CLANG_ANALYZER_NUMBER_OBJECT_CONVERSION = YES_AGGRESSIVE;
				CLANG_CXX_LANGUAGE_STANDARD = "gnu++20";
				CLANG_ENABLE_MODULES = YES;
				CLANG_ENABLE_OBJC_ARC = YES;
				CLANG_ENABLE_OBJC_WEAK = YES;
				CLANG_WARN_BLOCK_CAPTURE_AUTORELEASING = YES;
				CLANG_WARN_BOOL_CONVERSION = YES;
				CLANG_WARN_COMMA = YES;
				CLANG_WARN_CONSTANT_CONVERSION = YES;
				CLANG_WARN_DEPRECATED_OBJC_IMPLEMENTATIONS = YES;
				CLANG_WARN_DIRECT_OBJC_ISA_USAGE = YES_ERROR;
				CLANG_WARN_DOCUMENTATION_COMMENTS = YES;
				CLANG_WARN_EMPTY_BODY = YES;
				CLANG_WARN_ENUM_CONVERSION = YES;
				CLANG_WARN_INFINITE_RECURSION = YES;
				CLANG_WARN_INT_CONVERSION = YES;
				CLANG_WARN_NON_LITERAL_NULL_CONVERSION = YES;
				CLANG_WARN_OBJC_IMPLICIT_RETAIN_SELF = YES;
				CLANG_WARN_OBJC_LITERAL_CONVERSION = YES;
				CLANG_WARN_OBJC_ROOT_CLASS = YES_ERROR;
				CLANG_WARN_QUOTED_INCLUDE_IN_FRAMEWORK_HEADER = YES;
				CLANG_WARN_RANGE_LOOP_ANALYSIS = YES;
				CLANG_WARN_STRICT_PROTOTYPES = YES;
				CLANG_WARN_SUSPICIOUS_MOVE = YES;
				CLANG_WARN_UNGUARDED_AVAILABILITY = YES_AGGRESSIVE;
				CLANG_WARN_UNREACHABLE_CODE = YES;
				CLANG_WARN__DUPLICATE_METHOD_MATCH = YES;
				COPY_PHASE_STRIP = NO;
				DEBUG_INFORMATION_FORMAT = "dwarf-with-dsym";
				DEVELOPMENT_TEAM = 8GK36YBUNZ;
				ENABLE_NS_ASSERTIONS = NO;
				ENABLE_STRICT_OBJC_MSGSEND = YES;
				ENABLE_USER_SCRIPT_SANDBOXING = YES;
				GCC_C_LANGUAGE_STANDARD = gnu17;
				GCC_NO_COMMON_BLOCKS = YES;
				GCC_WARN_64_TO_32_BIT_CONVERSION = YES;
				GCC_WARN_ABOUT_RETURN_TYPE = YES_ERROR;
				GCC_WARN_UNDECLARED_SELECTOR = YES;
				GCC_WARN_UNINITIALIZED_AUTOS = YES_AGGRESSIVE;
				GCC_WARN_UNUSED_FUNCTION = YES;
				GCC_WARN_UNUSED_VARIABLE = YES;
				LOCALIZATION_PREFERS_STRING_CATALOGS = YES;
				MTL_ENABLE_DEBUG_INFO = NO;
				MTL_FAST_MATH = YES;
				SWIFT_COMPILATION_MODE = wholemodule;
			};
			name = Release;
		};
		B9B382CF2F50DAFC00261F27 /* Debug */ = {
			isa = XCBuildConfiguration;
			buildSettings = {
				ASSETCATALOG_COMPILER_APPICON_NAME = AppIcon;
				ASSETCATALOG_COMPILER_GLOBAL_ACCENT_COLOR_NAME = AccentColor;
				CODE_SIGN_STYLE = Automatic;
				CURRENT_PROJECT_VERSION = 1;
				DEVELOPMENT_TEAM = RA69B3K868;
				ENABLE_APP_SANDBOX = YES;
				ENABLE_HARDENED_RUNTIME = YES;
				ENABLE_PREVIEWS = YES;
				ENABLE_USER_SELECTED_FILES = readonly;
				GENERATE_INFOPLIST_FILE = YES;
				"INFOPLIST_KEY_UIApplicationSceneManifest_Generation[sdk=iphoneos*]" = YES;
				"INFOPLIST_KEY_UIApplicationSceneManifest_Generation[sdk=iphonesimulator*]" = YES;
				"INFOPLIST_KEY_UIApplicationSupportsIndirectInputEvents[sdk=iphoneos*]" = YES;
				"INFOPLIST_KEY_UIApplicationSupportsIndirectInputEvents[sdk=iphonesimulator*]" = YES;
				"INFOPLIST_KEY_UILaunchScreen_Generation[sdk=iphoneos*]" = YES;
				"INFOPLIST_KEY_UILaunchScreen_Generation[sdk=iphonesimulator*]" = YES;
				"INFOPLIST_KEY_UIStatusBarStyle[sdk=iphoneos*]" = UIStatusBarStyleDefault;
				"INFOPLIST_KEY_UIStatusBarStyle[sdk=iphonesimulator*]" = UIStatusBarStyleDefault;
				INFOPLIST_KEY_UISupportedInterfaceOrientations_iPad = "UIInterfaceOrientationPortrait UIInterfaceOrientationPortraitUpsideDown UIInterfaceOrientationLandscapeLeft UIInterfaceOrientationLandscapeRight";
				INFOPLIST_KEY_UISupportedInterfaceOrientations_iPhone = "UIInterfaceOrientationPortrait UIInterfaceOrientationLandscapeLeft UIInterfaceOrientationLandscapeRight";
				IPHONEOS_DEPLOYMENT_TARGET = 26.2;
				LD_RUNPATH_SEARCH_PATHS = "@executable_path/Frameworks";
				"LD_RUNPATH_SEARCH_PATHS[sdk=macosx*]" = "@executable_path/../Frameworks";
				MACOSX_DEPLOYMENT_TARGET = 26.2;
				MARKETING_VERSION = 1.0;
				PRODUCT_BUNDLE_IDENTIFIER = com.juliandixon.Flume;
				PRODUCT_NAME = "$(TARGET_NAME)";
				REGISTER_APP_GROUPS = YES;
				SDKROOT = auto;
				STRING_CATALOG_GENERATE_SYMBOLS = YES;
				SUPPORTED_PLATFORMS = "iphoneos iphonesimulator macosx xros xrsimulator";
				SWIFT_APPROACHABLE_CONCURRENCY = YES;
				SWIFT_DEFAULT_ACTOR_ISOLATION = MainActor;
				SWIFT_EMIT_LOC_STRINGS = YES;
				SWIFT_UPCOMING_FEATURE_MEMBER_IMPORT_VISIBILITY = YES;
				SWIFT_VERSION = 5.0;
				TARGETED_DEVICE_FAMILY = "1,2,7";
				XROS_DEPLOYMENT_TARGET = 26.2;
			};
			name = Debug;
		};
		B9B382D02F50DAFC00261F27 /* Release */ = {
			isa = XCBuildConfiguration;
			buildSettings = {
				ASSETCATALOG_COMPILER_APPICON_NAME = AppIcon;
				ASSETCATALOG_COMPILER_GLOBAL_ACCENT_COLOR_NAME = AccentColor;
				CODE_SIGN_STYLE = Automatic;
				CURRENT_PROJECT_VERSION = 1;
				DEVELOPMENT_TEAM = RA69B3K868;
				ENABLE_APP_SANDBOX = YES;
				ENABLE_HARDENED_RUNTIME = YES;
				ENABLE_PREVIEWS = YES;
				ENABLE_USER_SELECTED_FILES = readonly;
				GENERATE_INFOPLIST_FILE = YES;
				"INFOPLIST_KEY_UIApplicationSceneManifest_Generation[sdk=iphoneos*]" = YES;
				"INFOPLIST_KEY_UIApplicationSceneManifest_Generation[sdk=iphonesimulator*]" = YES;
				"INFOPLIST_KEY_UIApplicationSupportsIndirectInputEvents[sdk=iphoneos*]" = YES;
				"INFOPLIST_KEY_UIApplicationSupportsIndirectInputEvents[sdk=iphonesimulator*]" = YES;
				"INFOPLIST_KEY_UILaunchScreen_Generation[sdk=iphoneos*]" = YES;
				"INFOPLIST_KEY_UILaunchScreen_Generation[sdk=iphonesimulator*]" = YES;
				"INFOPLIST_KEY_UIStatusBarStyle[sdk=iphoneos*]" = UIStatusBarStyleDefault;
				"INFOPLIST_KEY_UIStatusBarStyle[sdk=iphonesimulator*]" = UIStatusBarStyleDefault;
				INFOPLIST_KEY_UISupportedInterfaceOrientations_iPad = "UIInterfaceOrientationPortrait UIInterfaceOrientationPortraitUpsideDown UIInterfaceOrientationLandscapeLeft UIInterfaceOrientationLandscapeRight";
				INFOPLIST_KEY_UISupportedInterfaceOrientations_iPhone = "UIInterfaceOrientationPortrait UIInterfaceOrientationLandscapeLeft UIInterfaceOrientationLandscapeRight";
				IPHONEOS_DEPLOYMENT_TARGET = 26.2;
				LD_RUNPATH_SEARCH_PATHS = "@executable_path/Frameworks";
				"LD_RUNPATH_SEARCH_PATHS[sdk=macosx*]" = "@executable_path/../Frameworks";
				MACOSX_DEPLOYMENT_TARGET = 26.2;
				MARKETING_VERSION = 1.0;
				PRODUCT_BUNDLE_IDENTIFIER = com.juliandixon.Flume;
				PRODUCT_NAME = "$(TARGET_NAME)";
				REGISTER_APP_GROUPS = YES;
				SDKROOT = auto;
				STRING_CATALOG_GENERATE_SYMBOLS = YES;
				SUPPORTED_PLATFORMS = "iphoneos iphonesimulator macosx xros xrsimulator";
				SWIFT_APPROACHABLE_CONCURRENCY = YES;
				SWIFT_DEFAULT_ACTOR_ISOLATION = MainActor;
				SWIFT_EMIT_LOC_STRINGS = YES;
				SWIFT_UPCOMING_FEATURE_MEMBER_IMPORT_VISIBILITY = YES;
				SWIFT_VERSION = 5.0;
				TARGETED_DEVICE_FAMILY = "1,2,7";
				XROS_DEPLOYMENT_TARGET = 26.2;
			};
			name = Release;
		};
		B9B382D22F50DAFC00261F27 /* Debug */ = {
			isa = XCBuildConfiguration;
			buildSettings = {
				BUNDLE_LOADER = "$(TEST_HOST)";
				CODE_SIGN_STYLE = Automatic;
				CURRENT_PROJECT_VERSION = 1;
				DEVELOPMENT_TEAM = 8GK36YBUNZ;
				GENERATE_INFOPLIST_FILE = YES;
				IPHONEOS_DEPLOYMENT_TARGET = 26.2;
				MACOSX_DEPLOYMENT_TARGET = 26.2;
				MARKETING_VERSION = 1.0;
				PRODUCT_BUNDLE_IDENTIFIER = com.juliandixon.FlumeTests;
				PRODUCT_NAME = "$(TARGET_NAME)";
				SDKROOT = auto;
				STRING_CATALOG_GENERATE_SYMBOLS = NO;
				SUPPORTED_PLATFORMS = "iphoneos iphonesimulator macosx xros xrsimulator";
				SWIFT_APPROACHABLE_CONCURRENCY = YES;
				SWIFT_EMIT_LOC_STRINGS = NO;
				SWIFT_UPCOMING_FEATURE_MEMBER_IMPORT_VISIBILITY = YES;
				SWIFT_VERSION = 5.0;
				TARGETED_DEVICE_FAMILY = "1,2,7";
				TEST_HOST = "$(BUILT_PRODUCTS_DIR)/Flume.app/$(BUNDLE_EXECUTABLE_FOLDER_PATH)/Flume";
				XROS_DEPLOYMENT_TARGET = 26.2;
			};
			name = Debug;
		};
		B9B382D32F50DAFC00261F27 /* Release */ = {
			isa = XCBuildConfiguration;
			buildSettings = {
				BUNDLE_LOADER = "$(TEST_HOST)";
				CODE_SIGN_STYLE = Automatic;
				CURRENT_PROJECT_VERSION = 1;
				DEVELOPMENT_TEAM = 8GK36YBUNZ;
				GENERATE_INFOPLIST_FILE = YES;
				IPHONEOS_DEPLOYMENT_TARGET = 26.2;
				MACOSX_DEPLOYMENT_TARGET = 26.2;
				MARKETING_VERSION = 1.0;
				PRODUCT_BUNDLE_IDENTIFIER = com.juliandixon.FlumeTests;
				PRODUCT_NAME = "$(TARGET_NAME)";
				SDKROOT = auto;
				STRING_CATALOG_GENERATE_SYMBOLS = NO;
				SUPPORTED_PLATFORMS = "iphoneos iphonesimulator macosx xros xrsimulator";
				SWIFT_APPROACHABLE_CONCURRENCY = YES;
				SWIFT_EMIT_LOC_STRINGS = NO;
				SWIFT_UPCOMING_FEATURE_MEMBER_IMPORT_VISIBILITY = YES;
				SWIFT_VERSION = 5.0;
				TARGETED_DEVICE_FAMILY = "1,2,7";
				TEST_HOST = "$(BUILT_PRODUCTS_DIR)/Flume.app/$(BUNDLE_EXECUTABLE_FOLDER_PATH)/Flume";
				XROS_DEPLOYMENT_TARGET = 26.2;
			};
			name = Release;
		};
		B9B382D52F50DAFC00261F27 /* Debug */ = {
			isa = XCBuildConfiguration;
			buildSettings = {
				CODE_SIGN_STYLE = Automatic;
				CURRENT_PROJECT_VERSION = 1;
				DEVELOPMENT_TEAM = 8GK36YBUNZ;
				GENERATE_INFOPLIST_FILE = YES;
				IPHONEOS_DEPLOYMENT_TARGET = 26.2;
				MACOSX_DEPLOYMENT_TARGET = 26.2;
				MARKETING_VERSION = 1.0;
				PRODUCT_BUNDLE_IDENTIFIER = com.juliandixon.FlumeUITests;
				PRODUCT_NAME = "$(TARGET_NAME)";
				SDKROOT = auto;
				STRING_CATALOG_GENERATE_SYMBOLS = NO;
				SUPPORTED_PLATFORMS = "iphoneos iphonesimulator macosx xros xrsimulator";
				SWIFT_APPROACHABLE_CONCURRENCY = YES;
				SWIFT_EMIT_LOC_STRINGS = NO;
				SWIFT_UPCOMING_FEATURE_MEMBER_IMPORT_VISIBILITY = YES;
				SWIFT_VERSION = 5.0;
				TARGETED_DEVICE_FAMILY = "1,2,7";
				TEST_TARGET_NAME = Flume;
				XROS_DEPLOYMENT_TARGET = 26.2;
			};
			name = Debug;
		};
		B9B382D62F50DAFC00261F27 /* Release */ = {
			isa = XCBuildConfiguration;
			buildSettings = {
				CODE_SIGN_STYLE = Automatic;
				CURRENT_PROJECT_VERSION = 1;
				DEVELOPMENT_TEAM = 8GK36YBUNZ;
				GENERATE_INFOPLIST_FILE = YES;
				IPHONEOS_DEPLOYMENT_TARGET = 26.2;
				MACOSX_DEPLOYMENT_TARGET = 26.2;
				MARKETING_VERSION = 1.0;
				PRODUCT_BUNDLE_IDENTIFIER = com.juliandixon.FlumeUITests;
				PRODUCT_NAME = "$(TARGET_NAME)";
				SDKROOT = auto;
				STRING_CATALOG_GENERATE_SYMBOLS = NO;
				SUPPORTED_PLATFORMS = "iphoneos iphonesimulator macosx xros xrsimulator";
				SWIFT_APPROACHABLE_CONCURRENCY = YES;
				SWIFT_EMIT_LOC_STRINGS = NO;
				SWIFT_UPCOMING_FEATURE_MEMBER_IMPORT_VISIBILITY = YES;
				SWIFT_VERSION = 5.0;
				TARGETED_DEVICE_FAMILY = "1,2,7";
				TEST_TARGET_NAME = Flume;
				XROS_DEPLOYMENT_TARGET = 26.2;
			};
			name = Release;
		};
/* End XCBuildConfiguration section */

/* Begin XCConfigurationList section */
		B9B382A62F50DAFA00261F27 /* Build configuration list for PBXProject "Flume" */ = {
			isa = XCConfigurationList;
			buildConfigurations = (
				B9B382CC2F50DAFC00261F27 /* Debug */,
				B9B382CD2F50DAFC00261F27 /* Release */,
			);
			defaultConfigurationIsVisible = 0;
			defaultConfigurationName = Release;
		};
		B9B382CE2F50DAFC00261F27 /* Build configuration list for PBXNativeTarget "Flume" */ = {
			isa = XCConfigurationList;
			buildConfigurations = (
				B9B382CF2F50DAFC00261F27 /* Debug */,
				B9B382D02F50DAFC00261F27 /* Release */,
			);
			defaultConfigurationIsVisible = 0;
			defaultConfigurationName = Release;
		};
		B9B382D12F50DAFC00261F27 /* Build configuration list for PBXNativeTarget "FlumeTests" */ = {
			isa = XCConfigurationList;
			buildConfigurations = (
				B9B382D22F50DAFC00261F27 /* Debug */,
				B9B382D32F50DAFC00261F27 /* Release */,
			);
			defaultConfigurationIsVisible = 0;
			defaultConfigurationName = Release;
		};
		B9B382D42F50DAFC00261F27 /* Build configuration list for PBXNativeTarget "FlumeUITests" */ = {
			isa = XCConfigurationList;
			buildConfigurations = (
				B9B382D52F50DAFC00261F27 /* Debug */,
				B9B382D62F50DAFC00261F27 /* Release */,
			);
			defaultConfigurationIsVisible = 0;
			defaultConfigurationName = Release;
		};
/* End XCConfigurationList section */

/* Begin XCRemoteSwiftPackageReference section */
		B9691ECF2F57CDE100D4646D /* XCRemoteSwiftPackageReference "plaid-link-ios-spm" */ = {
			isa = XCRemoteSwiftPackageReference;
			repositoryURL = "https://github.com/plaid/plaid-link-ios-spm";
			requirement = {
				kind = upToNextMajorVersion;
				minimumVersion = 6.0.4;
			};
		};
		B9691ED22F57CF4B00D4646D /* XCRemoteSwiftPackageReference "supabase-swift" */ = {
			isa = XCRemoteSwiftPackageReference;
			repositoryURL = "https://github.com/supabase/supabase-swift";
			requirement = {
				kind = upToNextMajorVersion;
				minimumVersion = 2.5.1;
			};
		};
/* End XCRemoteSwiftPackageReference section */

/* Begin XCSwiftPackageProductDependency section */
		B9691ED02F57CDE100D4646D /* LinkKit */ = {
			isa = XCSwiftPackageProductDependency;
			package = B9691ECF2F57CDE100D4646D /* XCRemoteSwiftPackageReference "plaid-link-ios-spm" */;
			productName = LinkKit;
		};
		B9691ED32F57CF4B00D4646D /* Auth */ = {
			isa = XCSwiftPackageProductDependency;
			package = B9691ED22F57CF4B00D4646D /* XCRemoteSwiftPackageReference "supabase-swift" */;
			productName = Auth;
		};
		B9691ED52F57CF4B00D4646D /* Supabase */ = {
			isa = XCSwiftPackageProductDependency;
			package = B9691ED22F57CF4B00D4646D /* XCRemoteSwiftPackageReference "supabase-swift" */;
			productName = Supabase;
		};
/* End XCSwiftPackageProductDependency section */
	};
	rootObject = B9B382A32F50DAFA00261F27 /* Project object */;
}
